{
  "version": "5",
  "specifiers": {
    "jsr:@hono/hono@^4.12.21": "4.12.21",
    "npm:domino@2.1.6": "2.1.6"
  },
  "jsr": {
    "@hono/hono@4.12.21": {
      "integrity": "27d39e6c93e123f206012b8ab3af70da887fe1da923ca945ec87d4b5f9ef5c94"
    }
  },
  "npm": {
    "domino@2.1.6": {
      "integrity": "sha512-3VdM/SXBZX2omc9JF9nOPCtDaYQ67BGp5CoLpIQlO2KCAPETs8TcDHacF26jXadGbvUteZzRTeos2fhID5+ucQ=="
    }
  },
  "workspace": {
    "dependencies": [
      "jsr:@hono/hono@^4.12.21",
      "npm:domino@2.1.6"
    ]
  }
}
