lockfileVersion: '9.0'

settings:
  autoInstallPeers: true
  excludeLinksFromLockfile: false

importers:

  .:
    dependencies:
      '@hono/node-server':
        specifier: ^2.1.4
        version: 2.1.4(hono@4.13.13)
      domino:
        specifier: ^2.1.7
        version: 2.1.8
      hono:
        specifier: ^4.12.25
        version: 4.13.13
    devDependencies:
      '@types/node':
        specifier: ^26.6.4
        version: 26.6.4

packages:

  '@hono/node-server@2.1.4':
    resolution: {integrity: sha512-2g1qeHl4BduwDn6L8nkAvDrPUWPMlkQ//a5NhP/zIyaXKMjZNRV+cG9Csu+BiJFf6+68pqzjf4Hi5sJGKHuS1g==}
    engines: {node: '>=20'}
    peerDependencies:
      hono: ^4 || ^5.0.0-0

  '@types/node@26.6.4':
    resolution: {integrity: sha512-ldVPDCzj7fsaGZrLB0NuHuTvJcsNasysBAqMolr/cgxrLd1xbqxIr3XJiPnHHJUCxj5sNF1vnRj9aWnrVh5Jcg==}

  domino@2.1.8:
    resolution: {integrity: sha512-qLkTcPRkqvifAB0bweVznkWgAu2hwin8An+HbLy0bH1ZtMyJzwXiHKMhynwR1Wq4PgBvEyg2Y749j4JJnlfDKg==}

  hono@4.13.13:
    resolution: {integrity: sha512-CQ46U0ZkAGmbT/4UxdzzGJpacP2IeKgY4a5/tOI9AABbpOMfK739wfDXmv1usCk+3RkKj1hQy4/fjhiwa2xlrA==}
    engines: {node: '>=16.9.0'}

  undici-types@8.9.0:
    resolution: {integrity: sha512-KTDyRTYX8sWmKXAikPHHSyc63CRPETMctyjKFupcC6OBLXT3xsN0e9aF7m+mIXutFWpUXuedtowG7iLOzp0kQg==}

snapshots:

  '@hono/node-server@2.1.4(hono@4.13.13)':
    dependencies:
      hono: 4.13.13

  '@types/node@26.6.4':
    dependencies:
      undici-types: 8.9.0

  domino@2.1.8: {}

  hono@4.13.13: {}

  undici-types@8.9.0: {}
